
Microsoft Visual Studio Solution File, Format Version 12.00
# Visual Studio Version 16
VisualStudioVersion = 16.0.29613.14
MinimumVisualStudioVersion = 10.0.40219.1
Project("{FAE04EC0-301F-11D3-BF4B-00C04F79EFBC}") = "ElasticAPM.Api", "ElasticAPM.Api.csproj", "{0D3890CB-DC56-4508-8397-8A3222C777B7}"
EndProject
Global
	GlobalSection(SolutionConfigurationPlatforms) = preSolution
		Debug|Any CPU = Debug|Any CPU
		Release|Any CPU = Release|Any CPU
	EndGlobalSection
	GlobalSection(ProjectConfigurationPlatforms) = postSolution
		{0D3890CB-DC56-4508-8397-8A3222C777B7}.Debug|Any CPU.ActiveCfg = Debug|Any CPU
		{0D3890CB-DC56-4508-8397-8A3222C777B7}.Debug|Any CPU.Build.0 = Debug|Any CPU
		{0D3890CB-DC56-4508-8397-8A3222C777B7}.Release|Any CPU.ActiveCfg = Release|Any CPU
		{0D3890CB-DC56-4508-8397-8A3222C777B7}.Release|Any CPU.Build.0 = Release|Any CPU
	EndGlobalSection
	GlobalSection(SolutionProperties) = preSolution
		HideSolutionNode = FALSE
	EndGlobalSection
	GlobalSection(ExtensibilityGlobals) = postSolution
		SolutionGuid = {0750C6C5-69D7-4E4C-A67C-31AF0C025BEC}
	EndGlobalSection
EndGlobal
